{
  "name": "zed",
  "version": "1.0.0",
  "lockfileVersion": 2,
  "requires": true,
  "packages": {
    "": {
      "version": "1.0.0",
      "license": "GPL-3.0",
      "dependencies": {
        "crux": "github:SKYCRATE-ltd/crux"
      }
    },
    "node_modules/crux": {
      "version": "1.0.0",
      "resolved": "git+ssh://git@github.com/SKYCRATE-ltd/crux.git#a21cba4c4a830cbc1266c4fdc3abffe60012e161",
      "license": "GPL-3.0"
    }
  },
  "dependencies": {
    "crux": {
      "version": "git+ssh://git@github.com/SKYCRATE-ltd/crux.git#a21cba4c4a830cbc1266c4fdc3abffe60012e161",
      "from": "crux@github:SKYCRATE-ltd/crux"
    }
  }
}
